
Microsoft Visual Studio Solution File, Format Version 12.00
# Visual Studio 2015
Project("{FAE04EC0-301F-11D3-BF4B-00C04F79EFBC}") = "Little Leaves - Unter Blaettern", "Little Leaves - Unter Blaettern.csproj", "{1BDF6347-B544-C6EE-A4BD-BA153DA8443B}"
EndProject
Project("{FAE04EC0-301F-11D3-BF4B-00C04F79EFBC}") = "Little Leaves - Unter Blaettern.Editor", "Little Leaves - Unter Blaettern.Editor.csproj", "{6C67883D-02F6-FF4B-7F42-11F7CE313270}"
EndProject
Global
	GlobalSection(SolutionConfigurationPlatforms) = preSolution
		Debug|Any CPU = Debug|Any CPU
		Release|Any CPU = Release|Any CPU
	EndGlobalSection
	GlobalSection(ProjectConfigurationPlatforms) = postSolution
		{1BDF6347-B544-C6EE-A4BD-BA153DA8443B}.Debug|Any CPU.ActiveCfg = Debug|Any CPU
		{1BDF6347-B544-C6EE-A4BD-BA153DA8443B}.Debug|Any CPU.Build.0 = Debug|Any CPU
		{1BDF6347-B544-C6EE-A4BD-BA153DA8443B}.Release|Any CPU.ActiveCfg = Release|Any CPU
		{1BDF6347-B544-C6EE-A4BD-BA153DA8443B}.Release|Any CPU.Build.0 = Release|Any CPU
		{6C67883D-02F6-FF4B-7F42-11F7CE313270}.Debug|Any CPU.ActiveCfg = Debug|Any CPU
		{6C67883D-02F6-FF4B-7F42-11F7CE313270}.Debug|Any CPU.Build.0 = Debug|Any CPU
		{6C67883D-02F6-FF4B-7F42-11F7CE313270}.Release|Any CPU.ActiveCfg = Release|Any CPU
		{6C67883D-02F6-FF4B-7F42-11F7CE313270}.Release|Any CPU.Build.0 = Release|Any CPU
	EndGlobalSection
	GlobalSection(SolutionProperties) = preSolution
		HideSolutionNode = FALSE
	EndGlobalSection
EndGlobal
